
Microsoft Visual Studio Solution File, Format Version 12.00
# Visual Studio Version 17
VisualStudioVersion = 17.4.33403.182
MinimumVisualStudioVersion = 10.0.40219.1
Project("{FAE04EC0-301F-11D3-BF4B-00C04F79EFBC}") = "WebApplicationApiEmpleados", "WebApplicationApiEmpleados\WebApplicationApiEmpleados.csproj", "{3524CFAF-5ED1-4BB6-8200-AF0315FFCCAA}"
EndProject
Global
	GlobalSection(SolutionConfigurationPlatforms) = preSolution
		Debug|Any CPU = Debug|Any CPU
		Release|Any CPU = Release|Any CPU
	EndGlobalSection
	GlobalSection(ProjectConfigurationPlatforms) = postSolution
		{3524CFAF-5ED1-4BB6-8200-AF0315FFCCAA}.Debug|Any CPU.ActiveCfg = Debug|Any CPU
		{3524CFAF-5ED1-4BB6-8200-AF0315FFCCAA}.Debug|Any CPU.Build.0 = Debug|Any CPU
		{3524CFAF-5ED1-4BB6-8200-AF0315FFCCAA}.Release|Any CPU.ActiveCfg = Release|Any CPU
		{3524CFAF-5ED1-4BB6-8200-AF0315FFCCAA}.Release|Any CPU.Build.0 = Release|Any CPU
	EndGlobalSection
	GlobalSection(SolutionProperties) = preSolution
		HideSolutionNode = FALSE
	EndGlobalSection
	GlobalSection(ExtensibilityGlobals) = postSolution
		SolutionGuid = {DB2ED2F2-79F4-4ADF-B85D-A1C4A7B7A6D7}
	EndGlobalSection
EndGlobal
